
Microsoft Visual Studio Solution File, Format Version 12.00
# Visual Studio Version 17
VisualStudioVersion = 17.0.31903.59
MinimumVisualStudioVersion = 10.0.40219.1
Project("{FAE04EC0-301F-11D3-BF4B-00C04F79EFBC}") = "RealEstateAgencyApp.Domain", "RealEstateAgencyApp.Domain\RealEstateAgencyApp.Domain.csproj", "{E844CB9F-5AED-40B6-8092-A0A1E5C1CB4A}"
EndProject
Project("{FAE04EC0-301F-11D3-BF4B-00C04F79EFBC}") = "RealEstateAgencyApp.Tests", "RealEstateAgencyApp.Tests\RealEstateAgencyApp.Tests.csproj", "{7514D71A-C148-4A73-BE6F-489D7E2E9274}"
EndProject
Project("{FAE04EC0-301F-11D3-BF4B-00C04F79EFBC}") = "RealEstateAgencyApp.Api", "RealEstateAgencyApp.Api\RealEstateAgencyApp.Api.csproj", "{C492026B-79CB-49BA-8C8E-08CF55BF1516}"
	ProjectSection(ProjectDependencies) = postProject
		{E6851F2F-AA1A-7C05-DCDE-1385FB985C2E} = {E6851F2F-AA1A-7C05-DCDE-1385FB985C2E}
	EndProjectSection
EndProject
Project("{FAE04EC0-301F-11D3-BF4B-00C04F79EFBC}") = "RealEstateAgencyApp.Infrastructure", "RealEstateAgencyApp.Infrastructure\RealEstateAgencyApp.Infrastructure.csproj", "{E6851F2F-AA1A-7C05-DCDE-1385FB985C2E}"
	ProjectSection(ProjectDependencies) = postProject
		{E844CB9F-5AED-40B6-8092-A0A1E5C1CB4A} = {E844CB9F-5AED-40B6-8092-A0A1E5C1CB4A}
	EndProjectSection
EndProject
Project("{FAE04EC0-301F-11D3-BF4B-00C04F79EFBC}") = "RealEstateAgencyApp.Application", "RealEstateAgencyApp.Application\RealEstateAgencyApp.Application.csproj", "{438C3946-B6D8-49AF-8B3E-F04C1C201D12}"
EndProject
Project("{FAE04EC0-301F-11D3-BF4B-00C04F79EFBC}") = "RealEstateAgencyApp.AppHost", "RealEstateAgencyApp.AppHost\RealEstateAgencyApp.AppHost.csproj", "{4E1DBCC7-3B18-41B2-8655-52E910658D4A}"
	ProjectSection(ProjectDependencies) = postProject
		{1A722C26-CAFF-A4FC-B3D2-49A08CF60633} = {1A722C26-CAFF-A4FC-B3D2-49A08CF60633}
	EndProjectSection
EndProject
Project("{FAE04EC0-301F-11D3-BF4B-00C04F79EFBC}") = "RealEstateAgencyApp.ServiceDefaults", "RealEstateAgencyApp.ServiceDefaults\RealEstateAgencyApp.ServiceDefaults.csproj", "{5ACC7110-3E47-4F94-BB49-289F6466FEF2}"
EndProject
Project("{FAE04EC0-301F-11D3-BF4B-00C04F79EFBC}") = "RealEstateAgencyApp.Contracts", "RealEstateAgencyApp.Contracts\RealEstateAgencyApp.Contracts.csproj", "{4EB012DE-5345-4949-9CCC-FC6F2D5BC445}"
EndProject
Project("{FAE04EC0-301F-11D3-BF4B-00C04F79EFBC}") = "RealEstateAgencyApp.GrpcProducer", "RealEstateAgencyApp.GrpcProducer\RealEstateAgencyApp.GrpcProducer.csproj", "{3FE7A725-038C-F76E-E075-BB39A6515EF6}"
EndProject
Project("{FAE04EC0-301F-11D3-BF4B-00C04F79EFBC}") = "RealEstateAgencyApp.GrpcConsumer", "RealEstateAgencyApp.GrpcConsumer\RealEstateAgencyApp.GrpcConsumer.csproj", "{1A722C26-CAFF-A4FC-B3D2-49A08CF60633}"
EndProject
Global
	GlobalSection(SolutionConfigurationPlatforms) = preSolution
		Debug|Any CPU = Debug|Any CPU
		Debug|x64 = Debug|x64
		Debug|x86 = Debug|x86
		Release|Any CPU = Release|Any CPU
		Release|x64 = Release|x64
		Release|x86 = Release|x86
	EndGlobalSection
	GlobalSection(ProjectConfigurationPlatforms) = postSolution
		{E844CB9F-5AED-40B6-8092-A0A1E5C1CB4A}.Debug|Any CPU.ActiveCfg = Debug|Any CPU
		{E844CB9F-5AED-40B6-8092-A0A1E5C1CB4A}.Debug|Any CPU.Build.0 = Debug|Any CPU
		{E844CB9F-5AED-40B6-8092-A0A1E5C1CB4A}.Debug|x64.ActiveCfg = Debug|Any CPU
		{E844CB9F-5AED-40B6-8092-A0A1E5C1CB4A}.Debug|x64.Build.0 = Debug|Any CPU
		{E844CB9F-5AED-40B6-8092-A0A1E5C1CB4A}.Debug|x86.ActiveCfg = Debug|Any CPU
		{E844CB9F-5AED-40B6-8092-A0A1E5C1CB4A}.Debug|x86.Build.0 = Debug|Any CPU
		{E844CB9F-5AED-40B6-8092-A0A1E5C1CB4A}.Release|Any CPU.ActiveCfg = Release|Any CPU
		{E844CB9F-5AED-40B6-8092-A0A1E5C1CB4A}.Release|Any CPU.Build.0 = Release|Any CPU
		{E844CB9F-5AED-40B6-8092-A0A1E5C1CB4A}.Release|x64.ActiveCfg = Release|Any CPU
		{E844CB9F-5AED-40B6-8092-A0A1E5C1CB4A}.Release|x64.Build.0 = Release|Any CPU
		{E844CB9F-5AED-40B6-8092-A0A1E5C1CB4A}.Release|x86.ActiveCfg = Release|Any CPU
		{E844CB9F-5AED-40B6-8092-A0A1E5C1CB4A}.Release|x86.Build.0 = Release|Any CPU
		{7514D71A-C148-4A73-BE6F-489D7E2E9274}.Debug|Any CPU.ActiveCfg = Debug|Any CPU
		{7514D71A-C148-4A73-BE6F-489D7E2E9274}.Debug|Any CPU.Build.0 = Debug|Any CPU
		{7514D71A-C148-4A73-BE6F-489D7E2E9274}.Debug|x64.ActiveCfg = Debug|Any CPU
		{7514D71A-C148-4A73-BE6F-489D7E2E9274}.Debug|x64.Build.0 = Debug|Any CPU
		{7514D71A-C148-4A73-BE6F-489D7E2E9274}.Debug|x86.ActiveCfg = Debug|Any CPU
		{7514D71A-C148-4A73-BE6F-489D7E2E9274}.Debug|x86.Build.0 = Debug|Any CPU
		{7514D71A-C148-4A73-BE6F-489D7E2E9274}.Release|Any CPU.ActiveCfg = Release|Any CPU
		{7514D71A-C148-4A73-BE6F-489D7E2E9274}.Release|Any CPU.Build.0 = Release|Any CPU
		{7514D71A-C148-4A73-BE6F-489D7E2E9274}.Release|x64.ActiveCfg = Release|Any CPU
		{7514D71A-C148-4A73-BE6F-489D7E2E9274}.Release|x64.Build.0 = Release|Any CPU
		{7514D71A-C148-4A73-BE6F-489D7E2E9274}.Release|x86.ActiveCfg = Release|Any CPU
		{7514D71A-C148-4A73-BE6F-489D7E2E9274}.Release|x86.Build.0 = Release|Any CPU
		{C492026B-79CB-49BA-8C8E-08CF55BF1516}.Debug|Any CPU.ActiveCfg = Debug|Any CPU
		{C492026B-79CB-49BA-8C8E-08CF55BF1516}.Debug|Any CPU.Build.0 = Debug|Any CPU
		{C492026B-79CB-49BA-8C8E-08CF55BF1516}.Debug|x64.ActiveCfg = Debug|Any CPU
		{C492026B-79CB-49BA-8C8E-08CF55BF1516}.Debug|x64.Build.0 = Debug|Any CPU
		{C492026B-79CB-49BA-8C8E-08CF55BF1516}.Debug|x86.ActiveCfg = Debug|Any CPU
		{C492026B-79CB-49BA-8C8E-08CF55BF1516}.Debug|x86.Build.0 = Debug|Any CPU
		{C492026B-79CB-49BA-8C8E-08CF55BF1516}.Release|Any CPU.ActiveCfg = Release|Any CPU
		{C492026B-79CB-49BA-8C8E-08CF55BF1516}.Release|Any CPU.Build.0 = Release|Any CPU
		{C492026B-79CB-49BA-8C8E-08CF55BF1516}.Release|x64.ActiveCfg = Release|Any CPU
		{C492026B-79CB-49BA-8C8E-08CF55BF1516}.Release|x64.Build.0 = Release|Any CPU
		{C492026B-79CB-49BA-8C8E-08CF55BF1516}.Release|x86.ActiveCfg = Release|Any CPU
		{C492026B-79CB-49BA-8C8E-08CF55BF1516}.Release|x86.Build.0 = Release|Any CPU
		{E6851F2F-AA1A-7C05-DCDE-1385FB985C2E}.Debug|Any CPU.ActiveCfg = Debug|Any CPU
		{E6851F2F-AA1A-7C05-DCDE-1385FB985C2E}.Debug|Any CPU.Build.0 = Debug|Any CPU
		{E6851F2F-AA1A-7C05-DCDE-1385FB985C2E}.Debug|x64.ActiveCfg = Debug|Any CPU
		{E6851F2F-AA1A-7C05-DCDE-1385FB985C2E}.Debug|x64.Build.0 = Debug|Any CPU
		{E6851F2F-AA1A-7C05-DCDE-1385FB985C2E}.Debug|x86.ActiveCfg = Debug|Any CPU
		{E6851F2F-AA1A-7C05-DCDE-1385FB985C2E}.Debug|x86.Build.0 = Debug|Any CPU
		{E6851F2F-AA1A-7C05-DCDE-1385FB985C2E}.Release|Any CPU.ActiveCfg = Release|Any CPU
		{E6851F2F-AA1A-7C05-DCDE-1385FB985C2E}.Release|Any CPU.Build.0 = Release|Any CPU
		{E6851F2F-AA1A-7C05-DCDE-1385FB985C2E}.Release|x64.ActiveCfg = Release|Any CPU
		{E6851F2F-AA1A-7C05-DCDE-1385FB985C2E}.Release|x64.Build.0 = Release|Any CPU
		{E6851F2F-AA1A-7C05-DCDE-1385FB985C2E}.Release|x86.ActiveCfg = Release|Any CPU
		{E6851F2F-AA1A-7C05-DCDE-1385FB985C2E}.Release|x86.Build.0 = Release|Any CPU
		{438C3946-B6D8-49AF-8B3E-F04C1C201D12}.Debug|Any CPU.ActiveCfg = Debug|Any CPU
		{438C3946-B6D8-49AF-8B3E-F04C1C201D12}.Debug|Any CPU.Build.0 = Debug|Any CPU
		{438C3946-B6D8-49AF-8B3E-F04C1C201D12}.Debug|x64.ActiveCfg = Debug|Any CPU
		{438C3946-B6D8-49AF-8B3E-F04C1C201D12}.Debug|x64.Build.0 = Debug|Any CPU
		{438C3946-B6D8-49AF-8B3E-F04C1C201D12}.Debug|x86.ActiveCfg = Debug|Any CPU
		{438C3946-B6D8-49AF-8B3E-F04C1C201D12}.Debug|x86.Build.0 = Debug|Any CPU
		{438C3946-B6D8-49AF-8B3E-F04C1C201D12}.Release|Any CPU.ActiveCfg = Release|Any CPU
		{438C3946-B6D8-49AF-8B3E-F04C1C201D12}.Release|Any CPU.Build.0 = Release|Any CPU
		{438C3946-B6D8-49AF-8B3E-F04C1C201D12}.Release|x64.ActiveCfg = Release|Any CPU
		{438C3946-B6D8-49AF-8B3E-F04C1C201D12}.Release|x64.Build.0 = Release|Any CPU
		{438C3946-B6D8-49AF-8B3E-F04C1C201D12}.Release|x86.ActiveCfg = Release|Any CPU
		{438C3946-B6D8-49AF-8B3E-F04C1C201D12}.Release|x86.Build.0 = Release|Any CPU
		{4E1DBCC7-3B18-41B2-8655-52E910658D4A}.Debug|Any CPU.ActiveCfg = Debug|Any CPU
		{4E1DBCC7-3B18-41B2-8655-52E910658D4A}.Debug|Any CPU.Build.0 = Debug|Any CPU
		{4E1DBCC7-3B18-41B2-8655-52E910658D4A}.Debug|x64.ActiveCfg = Debug|Any CPU
		{4E1DBCC7-3B18-41B2-8655-52E910658D4A}.Debug|x64.Build.0 = Debug|Any CPU
		{4E1DBCC7-3B18-41B2-8655-52E910658D4A}.Debug|x86.ActiveCfg = Debug|Any CPU
		{4E1DBCC7-3B18-41B2-8655-52E910658D4A}.Debug|x86.Build.0 = Debug|Any CPU
		{4E1DBCC7-3B18-41B2-8655-52E910658D4A}.Release|Any CPU.ActiveCfg = Release|Any CPU
		{4E1DBCC7-3B18-41B2-8655-52E910658D4A}.Release|Any CPU.Build.0 = Release|Any CPU
		{4E1DBCC7-3B18-41B2-8655-52E910658D4A}.Release|x64.ActiveCfg = Release|Any CPU
		{4E1DBCC7-3B18-41B2-8655-52E910658D4A}.Release|x64.Build.0 = Release|Any CPU
		{4E1DBCC7-3B18-41B2-8655-52E910658D4A}.Release|x86.ActiveCfg = Release|Any CPU
		{4E1DBCC7-3B18-41B2-8655-52E910658D4A}.Release|x86.Build.0 = Release|Any CPU
		{5ACC7110-3E47-4F94-BB49-289F6466FEF2}.Debug|Any CPU.ActiveCfg = Debug|Any CPU
		{5ACC7110-3E47-4F94-BB49-289F6466FEF2}.Debug|Any CPU.Build.0 = Debug|Any CPU
		{5ACC7110-3E47-4F94-BB49-289F6466FEF2}.Debug|x64.ActiveCfg = Debug|Any CPU
		{5ACC7110-3E47-4F94-BB49-289F6466FEF2}.Debug|x64.Build.0 = Debug|Any CPU
		{5ACC7110-3E47-4F94-BB49-289F6466FEF2}.Debug|x86.ActiveCfg = Debug|Any CPU
		{5ACC7110-3E47-4F94-BB49-289F6466FEF2}.Debug|x86.Build.0 = Debug|Any CPU
		{5ACC7110-3E47-4F94-BB49-289F6466FEF2}.Release|Any CPU.ActiveCfg = Release|Any CPU
		{5ACC7110-3E47-4F94-BB49-289F6466FEF2}.Release|Any CPU.Build.0 = Release|Any CPU
		{5ACC7110-3E47-4F94-BB49-289F6466FEF2}.Release|x64.ActiveCfg = Release|Any CPU
		{5ACC7110-3E47-4F94-BB49-289F6466FEF2}.Release|x64.Build.0 = Release|Any CPU
		{5ACC7110-3E47-4F94-BB49-289F6466FEF2}.Release|x86.ActiveCfg = Release|Any CPU
		{5ACC7110-3E47-4F94-BB49-289F6466FEF2}.Release|x86.Build.0 = Release|Any CPU
		{4EB012DE-5345-4949-9CCC-FC6F2D5BC445}.Debug|Any CPU.ActiveCfg = Debug|Any CPU
		{4EB012DE-5345-4949-9CCC-FC6F2D5BC445}.Debug|Any CPU.Build.0 = Debug|Any CPU
		{4EB012DE-5345-4949-9CCC-FC6F2D5BC445}.Debug|x64.ActiveCfg = Debug|Any CPU
		{4EB012DE-5345-4949-9CCC-FC6F2D5BC445}.Debug|x64.Build.0 = Debug|Any CPU
		{4EB012DE-5345-4949-9CCC-FC6F2D5BC445}.Debug|x86.ActiveCfg = Debug|Any CPU
		{4EB012DE-5345-4949-9CCC-FC6F2D5BC445}.Debug|x86.Build.0 = Debug|Any CPU
		{4EB012DE-5345-4949-9CCC-FC6F2D5BC445}.Release|Any CPU.ActiveCfg = Release|Any CPU
		{4EB012DE-5345-4949-9CCC-FC6F2D5BC445}.Release|Any CPU.Build.0 = Release|Any CPU
		{4EB012DE-5345-4949-9CCC-FC6F2D5BC445}.Release|x64.ActiveCfg = Release|Any CPU
		{4EB012DE-5345-4949-9CCC-FC6F2D5BC445}.Release|x64.Build.0 = Release|Any CPU
		{4EB012DE-5345-4949-9CCC-FC6F2D5BC445}.Release|x86.ActiveCfg = Release|Any CPU
		{4EB012DE-5345-4949-9CCC-FC6F2D5BC445}.Release|x86.Build.0 = Release|Any CPU
		{3FE7A725-038C-F76E-E075-BB39A6515EF6}.Debug|Any CPU.ActiveCfg = Debug|Any CPU
		{3FE7A725-038C-F76E-E075-BB39A6515EF6}.Debug|Any CPU.Build.0 = Debug|Any CPU
		{3FE7A725-038C-F76E-E075-BB39A6515EF6}.Debug|x64.ActiveCfg = Debug|Any CPU
		{3FE7A725-038C-F76E-E075-BB39A6515EF6}.Debug|x64.Build.0 = Debug|Any CPU
		{3FE7A725-038C-F76E-E075-BB39A6515EF6}.Debug|x86.ActiveCfg = Debug|Any CPU
		{3FE7A725-038C-F76E-E075-BB39A6515EF6}.Debug|x86.Build.0 = Debug|Any CPU
		{3FE7A725-038C-F76E-E075-BB39A6515EF6}.Release|Any CPU.ActiveCfg = Release|Any CPU
		{3FE7A725-038C-F76E-E075-BB39A6515EF6}.Release|Any CPU.Build.0 = Release|Any CPU
		{3FE7A725-038C-F76E-E075-BB39A6515EF6}.Release|x64.ActiveCfg = Release|Any CPU
		{3FE7A725-038C-F76E-E075-BB39A6515EF6}.Release|x64.Build.0 = Release|Any CPU
		{3FE7A725-038C-F76E-E075-BB39A6515EF6}.Release|x86.ActiveCfg = Release|Any CPU
		{3FE7A725-038C-F76E-E075-BB39A6515EF6}.Release|x86.Build.0 = Release|Any CPU
		{1A722C26-CAFF-A4FC-B3D2-49A08CF60633}.Debug|Any CPU.ActiveCfg = Debug|Any CPU
		{1A722C26-CAFF-A4FC-B3D2-49A08CF60633}.Debug|Any CPU.Build.0 = Debug|Any CPU
		{1A722C26-CAFF-A4FC-B3D2-49A08CF60633}.Debug|x64.ActiveCfg = Debug|Any CPU
		{1A722C26-CAFF-A4FC-B3D2-49A08CF60633}.Debug|x64.Build.0 = Debug|Any CPU
		{1A722C26-CAFF-A4FC-B3D2-49A08CF60633}.Debug|x86.ActiveCfg = Debug|Any CPU
		{1A722C26-CAFF-A4FC-B3D2-49A08CF60633}.Debug|x86.Build.0 = Debug|Any CPU
		{1A722C26-CAFF-A4FC-B3D2-49A08CF60633}.Release|Any CPU.ActiveCfg = Release|Any CPU
		{1A722C26-CAFF-A4FC-B3D2-49A08CF60633}.Release|Any CPU.Build.0 = Release|Any CPU
		{1A722C26-CAFF-A4FC-B3D2-49A08CF60633}.Release|x64.ActiveCfg = Release|Any CPU
		{1A722C26-CAFF-A4FC-B3D2-49A08CF60633}.Release|x64.Build.0 = Release|Any CPU
		{1A722C26-CAFF-A4FC-B3D2-49A08CF60633}.Release|x86.ActiveCfg = Release|Any CPU
		{1A722C26-CAFF-A4FC-B3D2-49A08CF60633}.Release|x86.Build.0 = Release|Any CPU
	EndGlobalSection
	GlobalSection(SolutionProperties) = preSolution
		HideSolutionNode = FALSE
	EndGlobalSection
	GlobalSection(ExtensibilityGlobals) = postSolution
		SolutionGuid = {465B42CD-BE1B-4FA9-8AE1-A7A817709AF9}
	EndGlobalSection
EndGlobal
