
Microsoft Visual Studio Solution File, Format Version 12.00
# Visual Studio Version 17
VisualStudioVersion = 17.0.31903.59
MinimumVisualStudioVersion = 10.0.40219.1
Project("{FAE04EC0-301F-11D3-BF4B-00C04F79EFBC}") = "RealEstateAgency.Domain", "RealEstateAgency.Domain\RealEstateAgency.Domain.csproj", "{436792B2-0F38-492D-9A30-3C02912B572E}"
EndProject
Project("{FAE04EC0-301F-11D3-BF4B-00C04F79EFBC}") = "RealEstateAgency.Seed", "RealEstateAgency.Seed\RealEstateAgency.Seed.csproj", "{CFBC528F-2419-4D8C-8CAB-9EC9E06EB00A}"
EndProject
Project("{FAE04EC0-301F-11D3-BF4B-00C04F79EFBC}") = "RealEstateAgency.Tests", "RealEstateAgency.Tests\RealEstateAgency.Tests.csproj", "{15EC5158-36D4-4B0A-9547-9299EB7B5DD6}"
EndProject
Global
	GlobalSection(SolutionConfigurationPlatforms) = preSolution
		Debug|Any CPU = Debug|Any CPU
		Debug|x64 = Debug|x64
		Debug|x86 = Debug|x86
		Release|Any CPU = Release|Any CPU
		Release|x64 = Release|x64
		Release|x86 = Release|x86
	EndGlobalSection
	GlobalSection(ProjectConfigurationPlatforms) = postSolution
		{436792B2-0F38-492D-9A30-3C02912B572E}.Debug|Any CPU.ActiveCfg = Debug|Any CPU
		{436792B2-0F38-492D-9A30-3C02912B572E}.Debug|Any CPU.Build.0 = Debug|Any CPU
		{436792B2-0F38-492D-9A30-3C02912B572E}.Debug|x64.ActiveCfg = Debug|Any CPU
		{436792B2-0F38-492D-9A30-3C02912B572E}.Debug|x64.Build.0 = Debug|Any CPU
		{436792B2-0F38-492D-9A30-3C02912B572E}.Debug|x86.ActiveCfg = Debug|Any CPU
		{436792B2-0F38-492D-9A30-3C02912B572E}.Debug|x86.Build.0 = Debug|Any CPU
		{436792B2-0F38-492D-9A30-3C02912B572E}.Release|Any CPU.ActiveCfg = Release|Any CPU
		{436792B2-0F38-492D-9A30-3C02912B572E}.Release|Any CPU.Build.0 = Release|Any CPU
		{436792B2-0F38-492D-9A30-3C02912B572E}.Release|x64.ActiveCfg = Release|Any CPU
		{436792B2-0F38-492D-9A30-3C02912B572E}.Release|x64.Build.0 = Release|Any CPU
		{436792B2-0F38-492D-9A30-3C02912B572E}.Release|x86.ActiveCfg = Release|Any CPU
		{436792B2-0F38-492D-9A30-3C02912B572E}.Release|x86.Build.0 = Release|Any CPU
		{CFBC528F-2419-4D8C-8CAB-9EC9E06EB00A}.Debug|Any CPU.ActiveCfg = Debug|Any CPU
		{CFBC528F-2419-4D8C-8CAB-9EC9E06EB00A}.Debug|Any CPU.Build.0 = Debug|Any CPU
		{CFBC528F-2419-4D8C-8CAB-9EC9E06EB00A}.Debug|x64.ActiveCfg = Debug|Any CPU
		{CFBC528F-2419-4D8C-8CAB-9EC9E06EB00A}.Debug|x64.Build.0 = Debug|Any CPU
		{CFBC528F-2419-4D8C-8CAB-9EC9E06EB00A}.Debug|x86.ActiveCfg = Debug|Any CPU
		{CFBC528F-2419-4D8C-8CAB-9EC9E06EB00A}.Debug|x86.Build.0 = Debug|Any CPU
		{CFBC528F-2419-4D8C-8CAB-9EC9E06EB00A}.Release|Any CPU.ActiveCfg = Release|Any CPU
		{CFBC528F-2419-4D8C-8CAB-9EC9E06EB00A}.Release|Any CPU.Build.0 = Release|Any CPU
		{CFBC528F-2419-4D8C-8CAB-9EC9E06EB00A}.Release|x64.ActiveCfg = Release|Any CPU
		{CFBC528F-2419-4D8C-8CAB-9EC9E06EB00A}.Release|x64.Build.0 = Release|Any CPU
		{CFBC528F-2419-4D8C-8CAB-9EC9E06EB00A}.Release|x86.ActiveCfg = Release|Any CPU
		{CFBC528F-2419-4D8C-8CAB-9EC9E06EB00A}.Release|x86.Build.0 = Release|Any CPU
		{15EC5158-36D4-4B0A-9547-9299EB7B5DD6}.Debug|Any CPU.ActiveCfg = Debug|Any CPU
		{15EC5158-36D4-4B0A-9547-9299EB7B5DD6}.Debug|Any CPU.Build.0 = Debug|Any CPU
		{15EC5158-36D4-4B0A-9547-9299EB7B5DD6}.Debug|x64.ActiveCfg = Debug|Any CPU
		{15EC5158-36D4-4B0A-9547-9299EB7B5DD6}.Debug|x64.Build.0 = Debug|Any CPU
		{15EC5158-36D4-4B0A-9547-9299EB7B5DD6}.Debug|x86.ActiveCfg = Debug|Any CPU
		{15EC5158-36D4-4B0A-9547-9299EB7B5DD6}.Debug|x86.Build.0 = Debug|Any CPU
		{15EC5158-36D4-4B0A-9547-9299EB7B5DD6}.Release|Any CPU.ActiveCfg = Release|Any CPU
		{15EC5158-36D4-4B0A-9547-9299EB7B5DD6}.Release|Any CPU.Build.0 = Release|Any CPU
		{15EC5158-36D4-4B0A-9547-9299EB7B5DD6}.Release|x64.ActiveCfg = Release|Any CPU
		{15EC5158-36D4-4B0A-9547-9299EB7B5DD6}.Release|x64.Build.0 = Release|Any CPU
		{15EC5158-36D4-4B0A-9547-9299EB7B5DD6}.Release|x86.ActiveCfg = Release|Any CPU
		{15EC5158-36D4-4B0A-9547-9299EB7B5DD6}.Release|x86.Build.0 = Release|Any CPU
	EndGlobalSection
	GlobalSection(SolutionProperties) = preSolution
		HideSolutionNode = FALSE
	EndGlobalSection
EndGlobal
